// !$*UTF8*$!
{
	archiveVersion = 1;
	classes = {
	};
	objectVersion = 56;
	objects = {

/* Begin PBXBuildFile section */
		8B20E3622B6456BE00E04AC3 /* AppDelegate.swift in Sources */ = {isa = PBXBuildFile; fileRef = 8B20E3612B6456BE00E04AC3 /* AppDelegate.swift */; };
		8B20E3642B6456BE00E04AC3 /* SceneDelegate.swift in Sources */ = {isa = PBXBuildFile; fileRef = 8B20E3632B6456BE00E04AC3 /* SceneDelegate.swift */; };
		8B20E3692B6456BE00E04AC3 /* Main.storyboard in Resources */ = {isa = PBXBuildFile; fileRef = 8B20E3672B6456BE00E04AC3 /* Main.storyboard */; };
		8B20E36B2B6456C000E04AC3 /* Assets.xcassets in Resources */ = {isa = PBXBuildFile; fileRef = 8B20E36A2B6456C000E04AC3 /* Assets.xcassets */; };
		8B20E36E2B6456C000E04AC3 /* LaunchScreen.storyboard in Resources */ = {isa = PBXBuildFile; fileRef = 8B20E36C2B6456C000E04AC3 /* LaunchScreen.storyboard */; };
		8B20E37A2B64581500E04AC3 /* Coordinator.swift in Sources */ = {isa = PBXBuildFile; fileRef = 8B20E3792B64581500E04AC3 /* Coordinator.swift */; };
		8B20E37C2B64582F00E04AC3 /* Storyboarded.swift in Sources */ = {isa = PBXBuildFile; fileRef = 8B20E37B2B64582F00E04AC3 /* Storyboarded.swift */; };
		8B20E37E2B64583D00E04AC3 /* NetworkHelper.swift in Sources */ = {isa = PBXBuildFile; fileRef = 8B20E37D2B64583D00E04AC3 /* NetworkHelper.swift */; };
		8B20E3802B64584500E04AC3 /* NetworkManager.swift in Sources */ = {isa = PBXBuildFile; fileRef = 8B20E37F2B64584500E04AC3 /* NetworkManager.swift */; };
		8B20E3822B64585000E04AC3 /* HomeHelper.swift in Sources */ = {isa = PBXBuildFile; fileRef = 8B20E3812B64585000E04AC3 /* HomeHelper.swift */; };
		8B20E3842B64586700E04AC3 /* HomeManager.swift in Sources */ = {isa = PBXBuildFile; fileRef = 8B20E3832B64586700E04AC3 /* HomeManager.swift */; };
		8BE68DDA2B6511D200119401 /* Alamofire in Frameworks */ = {isa = PBXBuildFile; productRef = 8BE68DD92B6511D200119401 /* Alamofire */; };
/* End PBXBuildFile section */

/* Begin PBXFileReference section */
		8B20E35E2B6456BE00E04AC3 /* Movie App.app */ = {isa = PBXFileReference; explicitFileType = wrapper.application; includeInIndex = 0; path = "Movie App.app"; sourceTree = BUILT_PRODUCTS_DIR; };
		8B20E3612B6456BE00E04AC3 /* AppDelegate.swift */ = {isa = PBXFileReference; lastKnownFileType = sourcecode.swift; path = AppDelegate.swift; sourceTree = "<group>"; };
		8B20E3632B6456BE00E04AC3 /* SceneDelegate.swift */ = {isa = PBXFileReference; lastKnownFileType = sourcecode.swift; path = SceneDelegate.swift; sourceTree = "<group>"; };
		8B20E3682B6456BE00E04AC3 /* Base */ = {isa = PBXFileReference; lastKnownFileType = file.storyboard; name = Base; path = Base.lproj/Main.storyboard; sourceTree = "<group>"; };
		8B20E36A2B6456C000E04AC3 /* Assets.xcassets */ = {isa = PBXFileReference; lastKnownFileType = folder.assetcatalog; path = Assets.xcassets; sourceTree = "<group>"; };
		8B20E36D2B6456C000E04AC3 /* Base */ = {isa = PBXFileReference; lastKnownFileType = file.storyboard; name = Base; path = Base.lproj/LaunchScreen.storyboard; sourceTree = "<group>"; };
		8B20E36F2B6456C000E04AC3 /* Info.plist */ = {isa = PBXFileReference; lastKnownFileType = text.plist.xml; path = Info.plist; sourceTree = "<group>"; };
		8B20E3792B64581500E04AC3 /* Coordinator.swift */ = {isa = PBXFileReference; lastKnownFileType = sourcecode.swift; path = Coordinator.swift; sourceTree = "<group>"; };
		8B20E37B2B64582F00E04AC3 /* Storyboarded.swift */ = {isa = PBXFileReference; lastKnownFileType = sourcecode.swift; path = Storyboarded.swift; sourceTree = "<group>"; };
		8B20E37D2B64583D00E04AC3 /* NetworkHelper.swift */ = {isa = PBXFileReference; lastKnownFileType = sourcecode.swift; path = NetworkHelper.swift; sourceTree = "<group>"; };
		8B20E37F2B64584500E04AC3 /* NetworkManager.swift */ = {isa = PBXFileReference; lastKnownFileType = sourcecode.swift; path = NetworkManager.swift; sourceTree = "<group>"; };
		8B20E3812B64585000E04AC3 /* HomeHelper.swift */ = {isa = PBXFileReference; lastKnownFileType = sourcecode.swift; path = HomeHelper.swift; sourceTree = "<group>"; };
		8B20E3832B64586700E04AC3 /* HomeManager.swift */ = {isa = PBXFileReference; lastKnownFileType = sourcecode.swift; path = HomeManager.swift; sourceTree = "<group>"; };
/* End PBXFileReference section */

/* Begin PBXFrameworksBuildPhase section */
		8B20E35B2B6456BE00E04AC3 /* Frameworks */ = {
			isa = PBXFrameworksBuildPhase;
			buildActionMask = 2147483647;
			files = (
				8BE68DDA2B6511D200119401 /* Alamofire in Frameworks */,
			);
			runOnlyForDeploymentPostprocessing = 0;
		};
/* End PBXFrameworksBuildPhase section */

/* Begin PBXGroup section */
		8B20E3552B6456BE00E04AC3 = {
			isa = PBXGroup;
			children = (
				8B20E3602B6456BE00E04AC3 /* Movie App */,
				8B20E35F2B6456BE00E04AC3 /* Products */,
			);
			sourceTree = "<group>";
		};
		8B20E35F2B6456BE00E04AC3 /* Products */ = {
			isa = PBXGroup;
			children = (
				8B20E35E2B6456BE00E04AC3 /* Movie App.app */,
			);
			name = Products;
			sourceTree = "<group>";
		};
		8B20E3602B6456BE00E04AC3 /* Movie App */ = {
			isa = PBXGroup;
			children = (
				8B20E3612B6456BE00E04AC3 /* AppDelegate.swift */,
				8B20E3632B6456BE00E04AC3 /* SceneDelegate.swift */,
				8B20E3752B6457DD00E04AC3 /* Coordinator */,
				8B20E3762B6457E700E04AC3 /* Network */,
				8B20E3852B64587100E04AC3 /* Helper */,
				8B20E3862B64587D00E04AC3 /* Scene */,
				8B20E3672B6456BE00E04AC3 /* Main.storyboard */,
				8B20E36A2B6456C000E04AC3 /* Assets.xcassets */,
				8B20E36C2B6456C000E04AC3 /* LaunchScreen.storyboard */,
				8B20E36F2B6456C000E04AC3 /* Info.plist */,
			);
			path = "Movie App";
			sourceTree = "<group>";
		};
		8B20E3752B6457DD00E04AC3 /* Coordinator */ = {
			isa = PBXGroup;
			children = (
				8B20E3792B64581500E04AC3 /* Coordinator.swift */,
				8B20E37B2B64582F00E04AC3 /* Storyboarded.swift */,
			);
			path = Coordinator;
			sourceTree = "<group>";
		};
		8B20E3762B6457E700E04AC3 /* Network */ = {
			isa = PBXGroup;
			children = (
				8B20E3772B6457F100E04AC3 /* Core */,
				8B20E3782B6457F500E04AC3 /* Home */,
			);
			path = Network;
			sourceTree = "<group>";
		};
		8B20E3772B6457F100E04AC3 /* Core */ = {
			isa = PBXGroup;
			children = (
				8B20E37D2B64583D00E04AC3 /* NetworkHelper.swift */,
				8B20E37F2B64584500E04AC3 /* NetworkManager.swift */,
			);
			path = Core;
			sourceTree = "<group>";
		};
		8B20E3782B6457F500E04AC3 /* Home */ = {
			isa = PBXGroup;
			children = (
				8B20E3812B64585000E04AC3 /* HomeHelper.swift */,
				8B20E3832B64586700E04AC3 /* HomeManager.swift */,
			);
			path = Home;
			sourceTree = "<group>";
		};
		8B20E3852B64587100E04AC3 /* Helper */ = {
			isa = PBXGroup;
			children = (
			);
			path = Helper;
			sourceTree = "<group>";
		};
		8B20E3862B64587D00E04AC3 /* Scene */ = {
			isa = PBXGroup;
			children = (
				8B20E3872B64588D00E04AC3 /* Home */,
				8B20E3882B64589000E04AC3 /* Search */,
				8B20E3892B64589A00E04AC3 /* Favourite */,
			);
			path = Scene;
			sourceTree = "<group>";
		};
		8B20E3872B64588D00E04AC3 /* Home */ = {
			isa = PBXGroup;
			children = (
				8B20E38C2B6458BE00E04AC3 /* ViewModel */,
				8B20E38B2B6458B600E04AC3 /* View */,
				8B20E38A2B6458B100E04AC3 /* Model */,
			);
			path = Home;
			sourceTree = "<group>";
		};
		8B20E3882B64589000E04AC3 /* Search */ = {
			isa = PBXGroup;
			children = (
			);
			path = Search;
			sourceTree = "<group>";
		};
		8B20E3892B64589A00E04AC3 /* Favourite */ = {
			isa = PBXGroup;
			children = (
			);
			path = Favourite;
			sourceTree = "<group>";
		};
		8B20E38A2B6458B100E04AC3 /* Model */ = {
			isa = PBXGroup;
			children = (
			);
			path = Model;
			sourceTree = "<group>";
		};
		8B20E38B2B6458B600E04AC3 /* View */ = {
			isa = PBXGroup;
			children = (
			);
			path = View;
			sourceTree = "<group>";
		};
		8B20E38C2B6458BE00E04AC3 /* ViewModel */ = {
			isa = PBXGroup;
			children = (
			);
			path = ViewModel;
			sourceTree = "<group>";
		};
/* End PBXGroup section */

/* Begin PBXNativeTarget section */
		8B20E35D2B6456BE00E04AC3 /* Movie App */ = {
			isa = PBXNativeTarget;
			buildConfigurationList = 8B20E3722B6456C000E04AC3 /* Build configuration list for PBXNativeTarget "Movie App" */;
			buildPhases = (
				8B20E35A2B6456BE00E04AC3 /* Sources */,
				8B20E35B2B6456BE00E04AC3 /* Frameworks */,
				8B20E35C2B6456BE00E04AC3 /* Resources */,
			);
			buildRules = (
			);
			dependencies = (
			);
			name = "Movie App";
			packageProductDependencies = (
				8BE68DD92B6511D200119401 /* Alamofire */,
			);
			productName = "Movie App";
			productReference = 8B20E35E2B6456BE00E04AC3 /* Movie App.app */;
			productType = "com.apple.product-type.application";
		};
/* End PBXNativeTarget section */

/* Begin PBXProject section */
		8B20E3562B6456BE00E04AC3 /* Project object */ = {
			isa = PBXProject;
			attributes = {
				BuildIndependentTargetsInParallel = 1;
				LastSwiftUpdateCheck = 1520;
				LastUpgradeCheck = 1520;
				TargetAttributes = {
					8B20E35D2B6456BE00E04AC3 = {
						CreatedOnToolsVersion = 15.2;
					};
				};
			};
			buildConfigurationList = 8B20E3592B6456BE00E04AC3 /* Build configuration list for PBXProject "Movie App" */;
			compatibilityVersion = "Xcode 14.0";
			developmentRegion = en;
			hasScannedForEncodings = 0;
			knownRegions = (
				en,
				Base,
			);
			mainGroup = 8B20E3552B6456BE00E04AC3;
			packageReferences = (
				8BE68DD82B6511D200119401 /* XCRemoteSwiftPackageReference "Alamofire" */,
			);
			productRefGroup = 8B20E35F2B6456BE00E04AC3 /* Products */;
			projectDirPath = "";
			projectRoot = "";
			targets = (
				8B20E35D2B6456BE00E04AC3 /* Movie App */,
			);
		};
/* End PBXProject section */

/* Begin PBXResourcesBuildPhase section */
		8B20E35C2B6456BE00E04AC3 /* Resources */ = {
			isa = PBXResourcesBuildPhase;
			buildActionMask = 2147483647;
			files = (
				8B20E36E2B6456C000E04AC3 /* LaunchScreen.storyboard in Resources */,
				8B20E36B2B6456C000E04AC3 /* Assets.xcassets in Resources */,
				8B20E3692B6456BE00E04AC3 /* Main.storyboard in Resources */,
			);
			runOnlyForDeploymentPostprocessing = 0;
		};
/* End PBXResourcesBuildPhase section */

/* Begin PBXSourcesBuildPhase section */
		8B20E35A2B6456BE00E04AC3 /* Sources */ = {
			isa = PBXSourcesBuildPhase;
			buildActionMask = 2147483647;
			files = (
				8B20E37A2B64581500E04AC3 /* Coordinator.swift in Sources */,
				8B20E37C2B64582F00E04AC3 /* Storyboarded.swift in Sources */,
				8B20E3802B64584500E04AC3 /* NetworkManager.swift in Sources */,
				8B20E3842B64586700E04AC3 /* HomeManager.swift in Sources */,
				8B20E3822B64585000E04AC3 /* HomeHelper.swift in Sources */,
				8B20E3622B6456BE00E04AC3 /* AppDelegate.swift in Sources */,
				8B20E37E2B64583D00E04AC3 /* NetworkHelper.swift in Sources */,
				8B20E3642B6456BE00E04AC3 /* SceneDelegate.swift in Sources */,
			);
			runOnlyForDeploymentPostprocessing = 0;
		};
/* End PBXSourcesBuildPhase section */

/* Begin PBXVariantGroup section */
		8B20E3672B6456BE00E04AC3 /* Main.storyboard */ = {
			isa = PBXVariantGroup;
			children = (
				8B20E3682B6456BE00E04AC3 /* Base */,
			);
			name = Main.storyboard;
			sourceTree = "<group>";
		};
		8B20E36C2B6456C000E04AC3 /* LaunchScreen.storyboard */ = {
			isa = PBXVariantGroup;
			children = (
				8B20E36D2B6456C000E04AC3 /* Base */,
			);
			name = LaunchScreen.storyboard;
			sourceTree = "<group>";
		};
/* End PBXVariantGroup section */

/* Begin XCBuildConfiguration section */
		8B20E3702B6456C000E04AC3 /* Debug */ = {
			isa = XCBuildConfiguration;
			buildSettings = {
				ALWAYS_SEARCH_USER_PATHS = NO;
				ASSETCATALOG_COMPILER_GENERATE_SWIFT_ASSET_SYMBOL_EXTENSIONS = YES;
				CLANG_ANALYZER_NONNULL = YES;
				CLANG_ANALYZER_NUMBER_OBJECT_CONVERSION = YES_AGGRESSIVE;
				CLANG_CXX_LANGUAGE_STANDARD = "gnu++20";
				CLANG_ENABLE_MODULES = YES;
				CLANG_ENABLE_OBJC_ARC = YES;
				CLANG_ENABLE_OBJC_WEAK = YES;
				CLANG_WARN_BLOCK_CAPTURE_AUTORELEASING = YES;
				CLANG_WARN_BOOL_CONVERSION = YES;
				CLANG_WARN_COMMA = YES;
				CLANG_WARN_CONSTANT_CONVERSION = YES;
				CLANG_WARN_DEPRECATED_OBJC_IMPLEMENTATIONS = YES;
				CLANG_WARN_DIRECT_OBJC_ISA_USAGE = YES_ERROR;
				CLANG_WARN_DOCUMENTATION_COMMENTS = YES;
				CLANG_WARN_EMPTY_BODY = YES;
				CLANG_WARN_ENUM_CONVERSION = YES;
				CLANG_WARN_INFINITE_RECURSION = YES;
				CLANG_WARN_INT_CONVERSION = YES;
				CLANG_WARN_NON_LITERAL_NULL_CONVERSION = YES;
				CLANG_WARN_OBJC_IMPLICIT_RETAIN_SELF = YES;
				CLANG_WARN_OBJC_LITERAL_CONVERSION = YES;
				CLANG_WARN_OBJC_ROOT_CLASS = YES_ERROR;
				CLANG_WARN_QUOTED_INCLUDE_IN_FRAMEWORK_HEADER = YES;
				CLANG_WARN_RANGE_LOOP_ANALYSIS = YES;
				CLANG_WARN_STRICT_PROTOTYPES = YES;
				CLANG_WARN_SUSPICIOUS_MOVE = YES;
				CLANG_WARN_UNGUARDED_AVAILABILITY = YES_AGGRESSIVE;
				CLANG_WARN_UNREACHABLE_CODE = YES;
				CLANG_WARN__DUPLICATE_METHOD_MATCH = YES;
				COPY_PHASE_STRIP = NO;
				DEBUG_INFORMATION_FORMAT = dwarf;
				ENABLE_STRICT_OBJC_MSGSEND = YES;
				ENABLE_TESTABILITY = YES;
				ENABLE_USER_SCRIPT_SANDBOXING = YES;
				GCC_C_LANGUAGE_STANDARD = gnu17;
				GCC_DYNAMIC_NO_PIC = NO;
				GCC_NO_COMMON_BLOCKS = YES;
				GCC_OPTIMIZATION_LEVEL = 0;
				GCC_PREPROCESSOR_DEFINITIONS = (
					"DEBUG=1",
					"$(inherited)",
				);
				GCC_WARN_64_TO_32_BIT_CONVERSION = YES;
				GCC_WARN_ABOUT_RETURN_TYPE = YES_ERROR;
				GCC_WARN_UNDECLARED_SELECTOR = YES;
				GCC_WARN_UNINITIALIZED_AUTOS = YES_AGGRESSIVE;
				GCC_WARN_UNUSED_FUNCTION = YES;
				GCC_WARN_UNUSED_VARIABLE = YES;
				IPHONEOS_DEPLOYMENT_TARGET = 17.2;
				LOCALIZATION_PREFERS_STRING_CATALOGS = YES;
				MTL_ENABLE_DEBUG_INFO = INCLUDE_SOURCE;
				MTL_FAST_MATH = YES;
				ONLY_ACTIVE_ARCH = YES;
				SDKROOT = iphoneos;
				SWIFT_ACTIVE_COMPILATION_CONDITIONS = "DEBUG $(inherited)";
				SWIFT_OPTIMIZATION_LEVEL = "-Onone";
			};
			name = Debug;
		};
		8B20E3712B6456C000E04AC3 /* Release */ = {
			isa = XCBuildConfiguration;
			buildSettings = {
				ALWAYS_SEARCH_USER_PATHS = NO;
				ASSETCATALOG_COMPILER_GENERATE_SWIFT_ASSET_SYMBOL_EXTENSIONS = YES;
				CLANG_ANALYZER_NONNULL = YES;
				CLANG_ANALYZER_NUMBER_OBJECT_CONVERSION = YES_AGGRESSIVE;
				CLANG_CXX_LANGUAGE_STANDARD = "gnu++20";
				CLANG_ENABLE_MODULES = YES;
				CLANG_ENABLE_OBJC_ARC = YES;
				CLANG_ENABLE_OBJC_WEAK = YES;
				CLANG_WARN_BLOCK_CAPTURE_AUTORELEASING = YES;
				CLANG_WARN_BOOL_CONVERSION = YES;
				CLANG_WARN_COMMA = YES;
				CLANG_WARN_CONSTANT_CONVERSION = YES;
				CLANG_WARN_DEPRECATED_OBJC_IMPLEMENTATIONS = YES;
				CLANG_WARN_DIRECT_OBJC_ISA_USAGE = YES_ERROR;
				CLANG_WARN_DOCUMENTATION_COMMENTS = YES;
				CLANG_WARN_EMPTY_BODY = YES;
				CLANG_WARN_ENUM_CONVERSION = YES;
				CLANG_WARN_INFINITE_RECURSION = YES;
				CLANG_WARN_INT_CONVERSION = YES;
				CLANG_WARN_NON_LITERAL_NULL_CONVERSION = YES;
				CLANG_WARN_OBJC_IMPLICIT_RETAIN_SELF = YES;
				CLANG_WARN_OBJC_LITERAL_CONVERSION = YES;
				CLANG_WARN_OBJC_ROOT_CLASS = YES_ERROR;
				CLANG_WARN_QUOTED_INCLUDE_IN_FRAMEWORK_HEADER = YES;
				CLANG_WARN_RANGE_LOOP_ANALYSIS = YES;
				CLANG_WARN_STRICT_PROTOTYPES = YES;
				CLANG_WARN_SUSPICIOUS_MOVE = YES;
				CLANG_WARN_UNGUARDED_AVAILABILITY = YES_AGGRESSIVE;
				CLANG_WARN_UNREACHABLE_CODE = YES;
				CLANG_WARN__DUPLICATE_METHOD_MATCH = YES;
				COPY_PHASE_STRIP = NO;
				DEBUG_INFORMATION_FORMAT = "dwarf-with-dsym";
				ENABLE_NS_ASSERTIONS = NO;
				ENABLE_STRICT_OBJC_MSGSEND = YES;
				ENABLE_USER_SCRIPT_SANDBOXING = YES;
				GCC_C_LANGUAGE_STANDARD = gnu17;
				GCC_NO_COMMON_BLOCKS = YES;
				GCC_WARN_64_TO_32_BIT_CONVERSION = YES;
				GCC_WARN_ABOUT_RETURN_TYPE = YES_ERROR;
				GCC_WARN_UNDECLARED_SELECTOR = YES;
				GCC_WARN_UNINITIALIZED_AUTOS = YES_AGGRESSIVE;
				GCC_WARN_UNUSED_FUNCTION = YES;
				GCC_WARN_UNUSED_VARIABLE = YES;
				IPHONEOS_DEPLOYMENT_TARGET = 17.2;
				LOCALIZATION_PREFERS_STRING_CATALOGS = YES;
				MTL_ENABLE_DEBUG_INFO = NO;
				MTL_FAST_MATH = YES;
				SDKROOT = iphoneos;
				SWIFT_COMPILATION_MODE = wholemodule;
				VALIDATE_PRODUCT = YES;
			};
			name = Release;
		};
		8B20E3732B6456C000E04AC3 /* Debug */ = {
			isa = XCBuildConfiguration;
			buildSettings = {
				ASSETCATALOG_COMPILER_APPICON_NAME = AppIcon;
				ASSETCATALOG_COMPILER_GLOBAL_ACCENT_COLOR_NAME = AccentColor;
				CODE_SIGN_STYLE = Automatic;
				CURRENT_PROJECT_VERSION = 1;
				DEVELOPMENT_TEAM = HM232RT6TS;
				GENERATE_INFOPLIST_FILE = YES;
				INFOPLIST_FILE = "Movie App/Info.plist";
				INFOPLIST_KEY_UIApplicationSupportsIndirectInputEvents = YES;
				INFOPLIST_KEY_UILaunchStoryboardName = LaunchScreen;
				INFOPLIST_KEY_UIMainStoryboardFile = Main;
				INFOPLIST_KEY_UISupportedInterfaceOrientations_iPad = "UIInterfaceOrientationPortrait UIInterfaceOrientationPortraitUpsideDown UIInterfaceOrientationLandscapeLeft UIInterfaceOrientationLandscapeRight";
				INFOPLIST_KEY_UISupportedInterfaceOrientations_iPhone = "UIInterfaceOrientationPortrait UIInterfaceOrientationLandscapeLeft UIInterfaceOrientationLandscapeRight";
				LD_RUNPATH_SEARCH_PATHS = (
					"$(inherited)",
					"@executable_path/Frameworks",
				);
				MARKETING_VERSION = 1.0;
				PRODUCT_BUNDLE_IDENTIFIER = "faltungg.Movie-App";
				PRODUCT_NAME = "$(TARGET_NAME)";
				SWIFT_EMIT_LOC_STRINGS = YES;
				SWIFT_VERSION = 5.0;
				TARGETED_DEVICE_FAMILY = "1,2";
			};
			name = Debug;
		};
		8B20E3742B6456C000E04AC3 /* Release */ = {
			isa = XCBuildConfiguration;
			buildSettings = {
				ASSETCATALOG_COMPILER_APPICON_NAME = AppIcon;
				ASSETCATALOG_COMPILER_GLOBAL_ACCENT_COLOR_NAME = AccentColor;
				CODE_SIGN_STYLE = Automatic;
				CURRENT_PROJECT_VERSION = 1;
				DEVELOPMENT_TEAM = HM232RT6TS;
				GENERATE_INFOPLIST_FILE = YES;
				INFOPLIST_FILE = "Movie App/Info.plist";
				INFOPLIST_KEY_UIApplicationSupportsIndirectInputEvents = YES;
				INFOPLIST_KEY_UILaunchStoryboardName = LaunchScreen;
				INFOPLIST_KEY_UIMainStoryboardFile = Main;
				INFOPLIST_KEY_UISupportedInterfaceOrientations_iPad = "UIInterfaceOrientationPortrait UIInterfaceOrientationPortraitUpsideDown UIInterfaceOrientationLandscapeLeft UIInterfaceOrientationLandscapeRight";
				INFOPLIST_KEY_UISupportedInterfaceOrientations_iPhone = "UIInterfaceOrientationPortrait UIInterfaceOrientationLandscapeLeft UIInterfaceOrientationLandscapeRight";
				LD_RUNPATH_SEARCH_PATHS = (
					"$(inherited)",
					"@executable_path/Frameworks",
				);
				MARKETING_VERSION = 1.0;
				PRODUCT_BUNDLE_IDENTIFIER = "faltungg.Movie-App";
				PRODUCT_NAME = "$(TARGET_NAME)";
				SWIFT_EMIT_LOC_STRINGS = YES;
				SWIFT_VERSION = 5.0;
				TARGETED_DEVICE_FAMILY = "1,2";
			};
			name = Release;
		};
/* End XCBuildConfiguration section */

/* Begin XCConfigurationList section */
		8B20E3592B6456BE00E04AC3 /* Build configuration list for PBXProject "Movie App" */ = {
			isa = XCConfigurationList;
			buildConfigurations = (
				8B20E3702B6456C000E04AC3 /* Debug */,
				8B20E3712B6456C000E04AC3 /* Release */,
			);
			defaultConfigurationIsVisible = 0;
			defaultConfigurationName = Release;
		};
		8B20E3722B6456C000E04AC3 /* Build configuration list for PBXNativeTarget "Movie App" */ = {
			isa = XCConfigurationList;
			buildConfigurations = (
				8B20E3732B6456C000E04AC3 /* Debug */,
				8B20E3742B6456C000E04AC3 /* Release */,
			);
			defaultConfigurationIsVisible = 0;
			defaultConfigurationName = Release;
		};
/* End XCConfigurationList section */

/* Begin XCRemoteSwiftPackageReference section */
		8BE68DD82B6511D200119401 /* XCRemoteSwiftPackageReference "Alamofire" */ = {
			isa = XCRemoteSwiftPackageReference;
			repositoryURL = "https://github.com/Alamofire/Alamofire.git";
			requirement = {
				kind = upToNextMajorVersion;
				minimumVersion = 5.8.1;
			};
		};
/* End XCRemoteSwiftPackageReference section */

/* Begin XCSwiftPackageProductDependency section */
		8BE68DD92B6511D200119401 /* Alamofire */ = {
			isa = XCSwiftPackageProductDependency;
			package = 8BE68DD82B6511D200119401 /* XCRemoteSwiftPackageReference "Alamofire" */;
			productName = Alamofire;
		};
/* End XCSwiftPackageProductDependency section */
	};
	rootObject = 8B20E3562B6456BE00E04AC3 /* Project object */;
}
